
Microsoft Visual Studio Solution File, Format Version 12.00
# Visual Studio Version 17
VisualStudioVersion = 17.9.34728.123
MinimumVisualStudioVersion = 10.0.40219.1
Project("{9A19103F-16F7-4668-BE54-9A1E7A4F7556}") = "Portfolio", "Portfolio\Portfolio.csproj", "{0258D68D-C239-46A1-A621-4E94EDEE4049}"
EndProject
Global
	GlobalSection(SolutionConfigurationPlatforms) = preSolution
		Debug|Any CPU = Debug|Any CPU
		Release|Any CPU = Release|Any CPU
	EndGlobalSection
	GlobalSection(ProjectConfigurationPlatforms) = postSolution
		{0258D68D-C239-46A1-A621-4E94EDEE4049}.Debug|Any CPU.ActiveCfg = Debug|Any CPU
		{0258D68D-C239-46A1-A621-4E94EDEE4049}.Debug|Any CPU.Build.0 = Debug|Any CPU
		{0258D68D-C239-46A1-A621-4E94EDEE4049}.Release|Any CPU.ActiveCfg = Release|Any CPU
		{0258D68D-C239-46A1-A621-4E94EDEE4049}.Release|Any CPU.Build.0 = Release|Any CPU
	EndGlobalSection
	GlobalSection(SolutionProperties) = preSolution
		HideSolutionNode = FALSE
	EndGlobalSection
	GlobalSection(ExtensibilityGlobals) = postSolution
		SolutionGuid = {1C1B652C-80C2-4EEB-ADAF-AD89225599A9}
	EndGlobalSection
EndGlobal
